
Microsoft Visual Studio Solution File, Format Version 12.00
# Visual Studio Version 16
VisualStudioVersion = 16.0.30611.23
MinimumVisualStudioVersion = 10.0.40219.1
Project("{FAE04EC0-301F-11D3-BF4B-00C04F79EFBC}") = "ConsoleApiSW", "ConsoleApiSW\ConsoleApiSW.csproj", "{120261BA-137D-4513-A970-B157C92E530F}"
EndProject
Global
	GlobalSection(SolutionConfigurationPlatforms) = preSolution
		Debug|Any CPU = Debug|Any CPU
		Release|Any CPU = Release|Any CPU
	EndGlobalSection
	GlobalSection(ProjectConfigurationPlatforms) = postSolution
		{120261BA-137D-4513-A970-B157C92E530F}.Debug|Any CPU.ActiveCfg = Debug|Any CPU
		{120261BA-137D-4513-A970-B157C92E530F}.Debug|Any CPU.Build.0 = Debug|Any CPU
		{120261BA-137D-4513-A970-B157C92E530F}.Release|Any CPU.ActiveCfg = Release|Any CPU
		{120261BA-137D-4513-A970-B157C92E530F}.Release|Any CPU.Build.0 = Release|Any CPU
	EndGlobalSection
	GlobalSection(SolutionProperties) = preSolution
		HideSolutionNode = FALSE
	EndGlobalSection
	GlobalSection(ExtensibilityGlobals) = postSolution
		SolutionGuid = {5A840B99-50F7-4393-A0FA-5F302E638309}
	EndGlobalSection
EndGlobal
